
Microsoft Visual Studio Solution File, Format Version 12.00
# Visual Studio Version 17
VisualStudioVersion = 17.5.33502.453
MinimumVisualStudioVersion = 10.0.40219.1
Project("{FAE04EC0-301F-11D3-BF4B-00C04F79EFBC}") = "theGameFiles", "..\theGameFiles\theGameFiles.csproj", "{B48D6AB1-C9D0-4702-BAF5-2AE34D5BF406}"
EndProject
Global
	GlobalSection(SolutionConfigurationPlatforms) = preSolution
		Debug|Any CPU = Debug|Any CPU
		Release|Any CPU = Release|Any CPU
	EndGlobalSection
	GlobalSection(ProjectConfigurationPlatforms) = postSolution
		{B48D6AB1-C9D0-4702-BAF5-2AE34D5BF406}.Debug|Any CPU.ActiveCfg = Debug|Any CPU
		{B48D6AB1-C9D0-4702-BAF5-2AE34D5BF406}.Debug|Any CPU.Build.0 = Debug|Any CPU
		{B48D6AB1-C9D0-4702-BAF5-2AE34D5BF406}.Release|Any CPU.ActiveCfg = Release|Any CPU
		{B48D6AB1-C9D0-4702-BAF5-2AE34D5BF406}.Release|Any CPU.Build.0 = Release|Any CPU
	EndGlobalSection
	GlobalSection(SolutionProperties) = preSolution
		HideSolutionNode = FALSE
	EndGlobalSection
	GlobalSection(ExtensibilityGlobals) = postSolution
		SolutionGuid = {15476C98-7F1B-4556-AB64-2937EDE384B0}
	EndGlobalSection
EndGlobal
